
Microsoft Visual Studio Solution File, Format Version 12.00
# Visual Studio Version 17
VisualStudioVersion = 17.9.34728.123
MinimumVisualStudioVersion = 10.0.40219.1
Project("{FAE04EC0-301F-11D3-BF4B-00C04F79EFBC}") = "loputoo", "loputoo.csproj", "{513CEEE0-A0CD-46B0-8D97-DA1774D2BE18}"
EndProject
Global
	GlobalSection(SolutionConfigurationPlatforms) = preSolution
		Debug|Any CPU = Debug|Any CPU
		Release|Any CPU = Release|Any CPU
	EndGlobalSection
	GlobalSection(ProjectConfigurationPlatforms) = postSolution
		{513CEEE0-A0CD-46B0-8D97-DA1774D2BE18}.Debug|Any CPU.ActiveCfg = Debug|Any CPU
		{513CEEE0-A0CD-46B0-8D97-DA1774D2BE18}.Debug|Any CPU.Build.0 = Debug|Any CPU
		{513CEEE0-A0CD-46B0-8D97-DA1774D2BE18}.Release|Any CPU.ActiveCfg = Release|Any CPU
		{513CEEE0-A0CD-46B0-8D97-DA1774D2BE18}.Release|Any CPU.Build.0 = Release|Any CPU
	EndGlobalSection
	GlobalSection(SolutionProperties) = preSolution
		HideSolutionNode = FALSE
	EndGlobalSection
	GlobalSection(ExtensibilityGlobals) = postSolution
		SolutionGuid = {4FEDCA79-72C2-435A-A9D1-311601FE1CA1}
	EndGlobalSection
EndGlobal
